lockfileVersion: '9.0'

settings:
  autoInstallPeers: true
  excludeLinksFromLockfile: false

importers:

  .:
    dependencies:
      '@twurple/api':
        specifier: ^7.3.0
        version: 7.3.0(@twurple/auth@7.3.0)
      '@twurple/auth':
        specifier: ^7.3.0
        version: 7.3.0
      '@twurple/eventsub-ws':
        specifier: ^7.3.0
        version: 7.3.0(@twurple/api@7.3.0(@twurple/auth@7.3.0))
      node-osc:
        specifier: ^9.1.4
        version: 9.1.4
      oscquery:
        specifier: ^1.1.0
        version: 1.1.0
    devDependencies:
      '@types/node-osc':
        specifier: ^9.1.0
        version: 9.1.0

packages:

  '@d-fischer/cache-decorators@4.0.1':
    resolution: {integrity: sha512-HNYLBLWs/t28GFZZeqdIBqq8f37mqDIFO6xNPof94VjpKvuP6ROqCZGafx88dk5zZUlBfViV9jD8iNNlXfc4CA==}

  '@d-fischer/connection@9.0.0':
    resolution: {integrity: sha512-Mljp/EbaE+eYWfsFXUOk+RfpbHgrWGL/60JkAvjYixw6KREfi5r17XdUiXe54ByAQox6jwgdN2vebdmW1BT+nQ==}

  '@d-fischer/cross-fetch@5.0.5':
    resolution: {integrity: sha512-symjDUPInTrkfIsZc2n2mo9hiAJLcTJsZkNICjZajEWnWpJ3s3zn50/FY8xpNUAf5w3eFuQii2wxztTGpvG1Xg==}

  '@d-fischer/detect-node@3.0.1':
    resolution: {integrity: sha512-0Rf3XwTzuTh8+oPZW9SfxTIiL+26RRJ0BRPwj5oVjZFyFKmsj9RGfN2zuTRjOuA3FCK/jYm06HOhwNK+8Pfv8w==}

  '@d-fischer/isomorphic-ws@7.0.2':
    resolution: {integrity: sha512-xK+qIJUF0ne3dsjq5Y3BviQ4M+gx9dzkN+dPP7abBMje4YRfow+X9jBgeEoTe5e+Q6+8hI9R0b37Okkk8Vf0hQ==}
    peerDependencies:
      ws: ^8.2.0

  '@d-fischer/logger@4.2.3':
    resolution: {integrity: sha512-mJUx9OgjrNVLQa4od/+bqnmD164VTCKnK5B4WOW8TX5y/3w2i58p+PMRE45gUuFjk2BVtOZUg55JQM3d619fdw==}

  '@d-fischer/qs@7.0.2':
    resolution: {integrity: sha512-yAu3xDooiL+ef84Jo8nLjDjWBRk7RXk163Y6aTvRB7FauYd3spQD/dWvgT7R4CrN54Juhrrc3dMY7mc+jZGurQ==}
    engines: {node: '>=0.6'}

  '@d-fischer/rate-limiter@1.1.0':
    resolution: {integrity: sha512-O5HgACwApyCZhp4JTEBEtbv/W3eAwEkrARFvgWnEsDmXgCMWjIHwohWoHre5BW6IYXFSHBGsuZB/EvNL3942kQ==}

  '@d-fischer/shared-utils@3.6.4':
    resolution: {integrity: sha512-BPkVLHfn2Lbyo/ENDBwtEB8JVQ+9OzkjJhUunLaxkw4k59YFlQxUUwlDBejVSFcpQT0t+D3CQlX+ySZnQj0wxw==}

  '@d-fischer/typed-event-emitter@3.3.3':
    resolution: {integrity: sha512-OvSEOa8icfdWDqcRtjSEZtgJTFOFNgTjje7zaL0+nAtu2/kZtRCSK5wUMrI/aXtCH8o0Qz2vA8UqkhWUTARFQQ==}

  '@homebridge/ciao@1.3.1':
    resolution: {integrity: sha512-87tQCBNNnTymlbg8pKlQjRsk7a5uuqhWBpCbUriVYUebz3voJkLbbTmp0TQg7Sa6Jnpk/Uo6LA8zAOy2sbK9bw==}
    engines: {node: ^18 || ^20 || ^22}
    hasBin: true

  '@leichtgewicht/ip-codec@2.0.5':
    resolution: {integrity: sha512-Vo+PSpZG2/fmgmiNzYK9qWRh8h/CHrwD0mo1h1DzL4yzHNSfWYujGTYsWGreD000gcgmZ7K4Ys6Tx9TxtsKdDw==}

  '@twurple/api-call@7.3.0':
    resolution: {integrity: sha512-nx389kXjVphAeR3RfnzkRRf7Qa45wqHla067/mr3YxnUICCg4YOFv0Jb5UohQGHkj5h18mDZ3iUu/x2J49c1lA==}

  '@twurple/api@7.3.0':
    resolution: {integrity: sha512-QtaVgYi50E3AB/Nxivjou/u6w1cuQ6g4R8lzQawYDaQNtlP2Ue8vvYuSp2PfxSpe8vNiKhgV8hZAs+j4V29sxQ==}
    peerDependencies:
      '@twurple/auth': 7.3.0

  '@twurple/auth@7.3.0':
    resolution: {integrity: sha512-K68nFbQswfaEVCWP2MEPcxhHRR/N8kIHBP6AnRXzgSpmvWxhjOitz9oyP04di5DI1rJE+2NRauv1qFDyYia/qg==}

  '@twurple/common@7.3.0':
    resolution: {integrity: sha512-BGNniY7PBIohxfpRQ1bsOxUaktZcXZOExq8ojCtnsNBVDlchNEX2fYsere03ZwTLd48XBtxsdaUaeQXbx1aXLw==}

  '@twurple/eventsub-base@7.3.0':
    resolution: {integrity: sha512-Wc/3qpyFfyvjabk/tQJVjAke+ixp5QWUT7LsuU+kMcCf46jsRQMB3InoXsZMRgX5sD1frBZzxUEJ7ujhxb8Ngw==}

  '@twurple/eventsub-ws@7.3.0':
    resolution: {integrity: sha512-jtIMdW/atTrn5Eo3XGS8Lw0EIsK3GQsZGJDLYRwqw2bCV8ZnQoZ8YaXUJb5Wd+gebUfeBr4j7mvZlGc+Wkp17w==}
    peerDependencies:
      '@twurple/api': 7.3.0

  '@types/node-osc@9.1.0':
    resolution: {integrity: sha512-FG7mbygo2IgdFA1pF1WlluTY9zzisLh62HWnC/7q9PLSmWvyVW+GAu8giNo+Gj2NvB4Xk9oYU2W+UiZwOk2DgQ==}

  '@types/node@22.15.2':
    resolution: {integrity: sha512-uKXqKN9beGoMdBfcaTY1ecwz6ctxuJAcUlwE55938g0ZJ8lRxwAZqRz2AJ4pzpt5dHdTPMB863UZ0ESiFUcP7A==}

  '@types/ws@8.18.1':
    resolution: {integrity: sha512-ThVF6DCVhA8kUGy+aazFQ4kXQ7E1Ty7A3ypFOe0IcJV8O/M511G99AW24irKrW56Wt44yG9+ij8FaqoBGkuBXg==}

  async@3.2.6:
    resolution: {integrity: sha512-htCUDlxyyCLMgaM3xXg0C0LW2xqfuQ6p05pCEIsXuyQ+a1koYKTuBMzRNwmybfLgvJDMd0r1LTn4+E0Ti6C2AA==}

  asynckit@0.4.0:
    resolution: {integrity: sha512-Oei9OH4tRh0YqU3GxhX79dM/mwVgvbZJaSNaRk+bshkj0S5cfHcgYakreBjrHwatXKbz+IoIdYLxrKim2MjW0Q==}

  axios@1.9.0:
    resolution: {integrity: sha512-re4CqKTJaURpzbLHtIi6XpDv20/CnpXOtjRY5/CU32L8gU8ek9UIivcfvSWvmKEngmVbrUtPpdDwWDWL7DNHvg==}

  binpack@0.1.0:
    resolution: {integrity: sha512-KcSrsGiIKgklTWweVb9XnZPWO1/rGSsK3fwR7VnbDPbLKPlkvSKd/ZrJ1W712r6HzH5u0fa/AZCftATO09x8Aw==}

  bonjour-service@1.3.0:
    resolution: {integrity: sha512-3YuAUiSkWykd+2Azjgyxei8OWf8thdn8AITIog2M4UICzoqfjlqr64WIjEXZllf/W6vK1goqleSR6brGomxQqA==}

  buffer-from@1.1.2:
    resolution: {integrity: sha512-E+XQCRwSbaaiChtv6k6Dwgc+bx+Bs6vuKJHHl5kox/BaKbhiXzqQOwK4cO22yElGp2OCmjwVhT3HmxgyPGnJfQ==}

  call-bind-apply-helpers@1.0.2:
    resolution: {integrity: sha512-Sp1ablJ0ivDkSzjcaJdxEunN5/XvksFJ2sMBFfq6x0ryhQV/2b/KwFe21cMpmHtPOSij8K99/wSfoEuTObmuMQ==}
    engines: {node: '>= 0.4'}

  combined-stream@1.0.8:
    resolution: {integrity: sha512-FQN4MRfuJeHf7cBbBMJFXhKSDq+2kAArBlmRBvcvFE5BB1HZKXtSFASDhdlz9zOYwxh8lDdnvmMOe/+5cdoEdg==}
    engines: {node: '>= 0.8'}

  debug@4.4.0:
    resolution: {integrity: sha512-6WTZ/IxCY/T6BALoZHaE4ctp9xm+Z5kY/pzYaCHRFeyVhojxlrm+46y68HA6hr0TcwEssoxNiDEUJQjfPZ/RYA==}
    engines: {node: '>=6.0'}
    peerDependencies:
      supports-color: '*'
    peerDependenciesMeta:
      supports-color:
        optional: true

  delayed-stream@1.0.0:
    resolution: {integrity: sha512-ZySD7Nf91aLB0RxL4KGrKHBXl7Eds1DAmEdcoVawXnLD7SDhpNgtuII2aAkg7a7QS41jxPSZ17p4VdGnMHk3MQ==}
    engines: {node: '>=0.4.0'}

  dns-packet@5.6.1:
    resolution: {integrity: sha512-l4gcSouhcgIKRvyy99RNVOgxXiicE+2jZoNmaNmZ6JXiGajBOJAesk1OBlJuM5k2c+eudGdLxDqXuPCKIj6kpw==}
    engines: {node: '>=6'}

  dunder-proto@1.0.1:
    resolution: {integrity: sha512-KIN/nDJBQRcXw0MLVhZE9iQHmG68qAVIBg9CqmUYjmQIhgij9U5MFvrqkUL5FbtyyzZuOeOt0zdeRe4UY7ct+A==}
    engines: {node: '>= 0.4'}

  es-define-property@1.0.1:
    resolution: {integrity: sha512-e3nRfgfUZ4rNGL232gUgX06QNyyez04KdjFrF+LTRoOXmrOgFKDg4BCdsjW8EnT69eqdYGmRpJwiPVYNrCaW3g==}
    engines: {node: '>= 0.4'}

  es-errors@1.3.0:
    resolution: {integrity: sha512-Zf5H2Kxt2xjTvbJvP2ZWLEICxA6j+hAmMzIlypy4xcBg1vKVnx89Wy0GbS+kf5cwCVFFzdCFh2XSCFNULS6csw==}
    engines: {node: '>= 0.4'}

  es-object-atoms@1.1.1:
    resolution: {integrity: sha512-FGgH2h8zKNim9ljj7dankFPcICIK9Cp5bm+c2gQSYePhpaG5+esrLODihIorn+Pe6FGJzWhXQotPv73jTaldXA==}
    engines: {node: '>= 0.4'}

  es-set-tostringtag@2.1.0:
    resolution: {integrity: sha512-j6vWzfrGVfyXxge+O0x5sh6cvxAog0a/4Rdd2K36zCMV5eJ+/+tOAngRO8cODMNWbVRdVlmGZQL2YS3yR8bIUA==}
    engines: {node: '>= 0.4'}

  fast-deep-equal@3.1.3:
    resolution: {integrity: sha512-f3qQ9oQy9j2AhBe/H9VC91wLmKBCCU/gDOnKNAYG5hswO7BLKj09Hc5HYNz9cGI++xlpDCIgDaitVs03ATR84Q==}

  follow-redirects@1.15.9:
    resolution: {integrity: sha512-gew4GsXizNgdoRyqmyfMHyAmXsZDk6mHkSxZFCzW9gwlbtOW44CDtYavM+y+72qD/Vq2l550kMF52DT8fOLJqQ==}
    engines: {node: '>=4.0'}
    peerDependencies:
      debug: '*'
    peerDependenciesMeta:
      debug:
        optional: true

  form-data@4.0.2:
    resolution: {integrity: sha512-hGfm/slu0ZabnNt4oaRZ6uREyfCj6P4fT/n6A1rGV+Z0VdGXjfOhVUpkn6qVQONHGIFwmveGXyDs75+nr6FM8w==}
    engines: {node: '>= 6'}

  function-bind@1.1.2:
    resolution: {integrity: sha512-7XHNxH7qX9xG5mIwxkhumTox/MIRNcOgDrxWsMt2pAr23WHp6MrRlN7FBSFpCpr+oVO0F744iUgR82nJMfG2SA==}

  get-intrinsic@1.3.0:
    resolution: {integrity: sha512-9fSjSaos/fRIVIp+xSJlE6lfwhES7LNtKaCBIamHsjr2na1BiABJPo0mOjjz8GJDURarmCPGqaiVg5mfjb98CQ==}
    engines: {node: '>= 0.4'}

  get-proto@1.0.1:
    resolution: {integrity: sha512-sTSfBjoXBp89JvIKIefqw7U2CCebsc74kiY6awiGogKtoSGbgjYE/G/+l9sF3MWFPNc9IcoOC4ODfKHfxFmp0g==}
    engines: {node: '>= 0.4'}

  gopd@1.2.0:
    resolution: {integrity: sha512-ZUKRh6/kUFoAiTAtTYPZJ3hw9wNxx+BIBOijnlG9PnrJsCcSjs1wyyD6vJpaYtgnzDrKYRSqf3OO6Rfa93xsRg==}
    engines: {node: '>= 0.4'}

  has-symbols@1.1.0:
    resolution: {integrity: sha512-1cDNdwJ2Jaohmb3sg4OmKaMBwuC48sYni5HUw2DvsC8LjGTLK9h+eb1X6RyuOHe4hT0ULCW68iomhjUoKUqlPQ==}
    engines: {node: '>= 0.4'}

  has-tostringtag@1.0.2:
    resolution: {integrity: sha512-NqADB8VjPFLM2V0VvHUewwwsw0ZWBaIdgo+ieHtK3hasLz4qeCRjYcqfB6AQrBggRKppKF8L52/VqdVsO47Dlw==}
    engines: {node: '>= 0.4'}

  hasown@2.0.2:
    resolution: {integrity: sha512-0hJU9SCPvmMzIBdZFqNPXWa6dqh7WdH0cII9y+CyS8rG3nL48Bclra9HmKhVVUHyPWNH5Y7xDwAB7bfgSjkUMQ==}
    engines: {node: '>= 0.4'}

  klona@2.0.6:
    resolution: {integrity: sha512-dhG34DXATL5hSxJbIexCft8FChFXtmskoZYnoPWjXQuebWYCNkVeV3KkGegCK9CP1oswI/vQibS2GY7Em/sJJA==}
    engines: {node: '>= 8'}

  math-intrinsics@1.1.0:
    resolution: {integrity: sha512-/IXtbwEk5HTPyEwyKX6hGkYXxM9nbj64B+ilVJnC/R6B0pH5G4V3b0pVbL7DBj4tkhBAppbQUlf6F6Xl9LHu1g==}
    engines: {node: '>= 0.4'}

  mime-db@1.52.0:
    resolution: {integrity: sha512-sPU4uV7dYlvtWJxwwxHD0PuihVNiE7TyAbQ5SWxDCB9mUYvOgroQOwYQQOKPJ8CIbE+1ETVlOoK1UC2nU3gYvg==}
    engines: {node: '>= 0.6'}

  mime-types@2.1.35:
    resolution: {integrity: sha512-ZDY+bPm5zTTF+YpCrAU9nK0UgICYPT0QtT1NZWFv4s++TNkcgVaT0g6+4R2uI4MjQjzysHB1zxuWL50hzaeXiw==}
    engines: {node: '>= 0.6'}

  ms@2.1.3:
    resolution: {integrity: sha512-6FlzubTLZG3J2a/NVCAleEhjzq5oxgHyaCU9yYXvcLsvoVaHJq/s5xXI6/XXP6tz7R9xAOtHnSO/tXtF3WRTlA==}

  multicast-dns@7.2.5:
    resolution: {integrity: sha512-2eznPJP8z2BFLX50tf0LuODrpINqP1RVIm/CObbTcBRITQgmC/TjcREF1NeTBzIcR5XO/ukWo+YHOjBbFwIupg==}
    hasBin: true

  node-fetch@2.7.0:
    resolution: {integrity: sha512-c4FRfUm/dbcWZ7U+1Wq0AwCyFL+3nt2bEw05wfxSz+DWpWsitgmSgYmy2dQdWyKC1694ELPqMs/YzUSNozLt8A==}
    engines: {node: 4.x || >=6.0.0}
    peerDependencies:
      encoding: ^0.1.0
    peerDependenciesMeta:
      encoding:
        optional: true

  node-osc@9.1.4:
    resolution: {integrity: sha512-ChkdOHmy2Ay6egrGsL9C7u0RqBQ+VIHjw+lk6yd59TuyzmqbaosCo53E1lvjh1xM97c+ByBhyH6i2dHOiBa2bw==}
    engines: {node: ^18.17.0 || ^20.5.0 || >=22.0.0}

  osc-min@1.1.2:
    resolution: {integrity: sha512-8DbiO8ME85R75stgNVCZtHxB9MNBBNcyy+isNBXrsFeinXGjwNAauvKVmGlfRas5VJWC/mhzIx7spR2gFvWxvg==}
    engines: {node: '>=0.10.0'}

  oscquery@1.1.0:
    resolution: {integrity: sha512-9hUM8xMG/UgSPoiINjMdTu+9x2/c/Ex004XMDg0njxBGyqiW804tXWxt2LxDskZrqDvwVEmDPLYgOW1eocY2kw==}

  portfinder@1.0.36:
    resolution: {integrity: sha512-gMKUzCoP+feA7t45moaSx7UniU7PgGN3hA8acAB+3Qn7/js0/lJ07fYZlxt9riE9S3myyxDCyAFzSrLlta0c9g==}
    engines: {node: '>= 10.12'}

  proxy-from-env@1.1.0:
    resolution: {integrity: sha512-D+zkORCbA9f1tdWRK0RaCR3GPv50cMxcrz4X8k5LTSUD1Dkw47mKJEZQNunItRTkWwgtaUSo1RVFRIG9ZXiFYg==}

  retry@0.13.1:
    resolution: {integrity: sha512-XQBQ3I8W1Cge0Seh+6gjj03LbmRFWuoszgK9ooCpwYIrhhoO80pfq4cUkU5DkknwfOfFteRwlZ56PYOGYyFWdg==}
    engines: {node: '>= 4'}

  source-map-support@0.5.21:
    resolution: {integrity: sha512-uBHU3L3czsIyYXKX88fdrGovxdSCoTGDRZ6SYXtSRxLZUzHg5P/66Ht6uoUlHu9EZod+inXhKo3qQgwXUT/y1w==}

  source-map@0.6.1:
    resolution: {integrity: sha512-UjgapumWlbMhkBgzT7Ykc5YXUT46F0iKu8SGXq0bcwP5dz/h0Plj6enJqjz1Zbq2l5WaqYnrVbwWOWMyF3F47g==}
    engines: {node: '>=0.10.0'}

  thunky@1.1.0:
    resolution: {integrity: sha512-eHY7nBftgThBqOyHGVN+l8gF0BucP09fMo0oO/Lb0w1OF80dJv+lDVpXG60WMQvkcxAkNybKsrEIE3ZtKGmPrA==}

  tr46@0.0.3:
    resolution: {integrity: sha512-N3WMsuqV66lT30CrXNbEjx4GEwlow3v6rr4mCcv6prnfwhS01rkgyFdjPNBYd9br7LpXV1+Emh01fHnq2Gdgrw==}

  tslib@2.8.1:
    resolution: {integrity: sha512-oJFu94HQb+KVduSUQL7wnpmqnfmLsOA/nAh6b6EH0wCEoK0/mPeXU6c3wKDV83MkOuHPRHtSXKKU99IBazS/2w==}

  undici-types@6.21.0:
    resolution: {integrity: sha512-iwDZqg0QAGrg9Rav5H4n0M64c3mkR59cJ6wQp+7C4nI0gsmExaedaYLNO44eT4AtBBwjbTiGPMlt2Md0T9H9JQ==}

  webidl-conversions@3.0.1:
    resolution: {integrity: sha512-2JAn3z8AR6rjK8Sm8orRC0h/bcl/DqL7tRPdGZ4I1CjdF+EaMLmYxBHyXuKL849eucPFhvBoxMsflfOb8kxaeQ==}

  whatwg-url@5.0.0:
    resolution: {integrity: sha512-saE57nupxk6v3HY35+jzBwYa0rKSy0XR8JSxZPwgLr7ys0IBzhGviA1/TUGJLmSVqs8pb9AnvICXEuOHLprYTw==}

  ws@8.18.1:
    resolution: {integrity: sha512-RKW2aJZMXeMxVpnZ6bck+RswznaxmzdULiBr6KY7XkTnW8uvt0iT9H5DkHUChXrc+uurzwa0rVI16n/Xzjdz1w==}
    engines: {node: '>=10.0.0'}
    peerDependencies:
      bufferutil: ^4.0.1
      utf-8-validate: '>=5.0.2'
    peerDependenciesMeta:
      bufferutil:
        optional: true
      utf-8-validate:
        optional: true

snapshots:

  '@d-fischer/cache-decorators@4.0.1':
    dependencies:
      '@d-fischer/shared-utils': 3.6.4
      tslib: 2.8.1

  '@d-fischer/connection@9.0.0':
    dependencies:
      '@d-fischer/isomorphic-ws': 7.0.2(ws@8.18.1)
      '@d-fischer/logger': 4.2.3
      '@d-fischer/shared-utils': 3.6.4
      '@d-fischer/typed-event-emitter': 3.3.3
      '@types/ws': 8.18.1
      tslib: 2.8.1
      ws: 8.18.1
    transitivePeerDependencies:
      - bufferutil
      - utf-8-validate

  '@d-fischer/cross-fetch@5.0.5':
    dependencies:
      node-fetch: 2.7.0
    transitivePeerDependencies:
      - encoding

  '@d-fischer/detect-node@3.0.1': {}

  '@d-fischer/isomorphic-ws@7.0.2(ws@8.18.1)':
    dependencies:
      ws: 8.18.1

  '@d-fischer/logger@4.2.3':
    dependencies:
      '@d-fischer/detect-node': 3.0.1
      '@d-fischer/shared-utils': 3.6.4
      tslib: 2.8.1

  '@d-fischer/qs@7.0.2': {}

  '@d-fischer/rate-limiter@1.1.0':
    dependencies:
      '@d-fischer/logger': 4.2.3
      '@d-fischer/shared-utils': 3.6.4
      tslib: 2.8.1

  '@d-fischer/shared-utils@3.6.4':
    dependencies:
      tslib: 2.8.1

  '@d-fischer/typed-event-emitter@3.3.3':
    dependencies:
      tslib: 2.8.1

  '@homebridge/ciao@1.3.1':
    dependencies:
      debug: 4.4.0
      fast-deep-equal: 3.1.3
      source-map-support: 0.5.21
      tslib: 2.8.1
    transitivePeerDependencies:
      - supports-color

  '@leichtgewicht/ip-codec@2.0.5': {}

  '@twurple/api-call@7.3.0':
    dependencies:
      '@d-fischer/cross-fetch': 5.0.5
      '@d-fischer/qs': 7.0.2
      '@d-fischer/shared-utils': 3.6.4
      '@twurple/common': 7.3.0
      tslib: 2.8.1
    transitivePeerDependencies:
      - encoding

  '@twurple/api@7.3.0(@twurple/auth@7.3.0)':
    dependencies:
      '@d-fischer/cache-decorators': 4.0.1
      '@d-fischer/cross-fetch': 5.0.5
      '@d-fischer/detect-node': 3.0.1
      '@d-fischer/logger': 4.2.3
      '@d-fischer/rate-limiter': 1.1.0
      '@d-fischer/shared-utils': 3.6.4
      '@d-fischer/typed-event-emitter': 3.3.3
      '@twurple/api-call': 7.3.0
      '@twurple/auth': 7.3.0
      '@twurple/common': 7.3.0
      retry: 0.13.1
      tslib: 2.8.1
    transitivePeerDependencies:
      - encoding

  '@twurple/auth@7.3.0':
    dependencies:
      '@d-fischer/logger': 4.2.3
      '@d-fischer/shared-utils': 3.6.4
      '@d-fischer/typed-event-emitter': 3.3.3
      '@twurple/api-call': 7.3.0
      '@twurple/common': 7.3.0
      tslib: 2.8.1
    transitivePeerDependencies:
      - encoding

  '@twurple/common@7.3.0':
    dependencies:
      '@d-fischer/shared-utils': 3.6.4
      klona: 2.0.6
      tslib: 2.8.1

  '@twurple/eventsub-base@7.3.0':
    dependencies:
      '@d-fischer/logger': 4.2.3
      '@d-fischer/shared-utils': 3.6.4
      '@d-fischer/typed-event-emitter': 3.3.3
      '@twurple/api': 7.3.0(@twurple/auth@7.3.0)
      '@twurple/auth': 7.3.0
      '@twurple/common': 7.3.0
      tslib: 2.8.1
    transitivePeerDependencies:
      - encoding

  '@twurple/eventsub-ws@7.3.0(@twurple/api@7.3.0(@twurple/auth@7.3.0))':
    dependencies:
      '@d-fischer/connection': 9.0.0
      '@d-fischer/logger': 4.2.3
      '@d-fischer/shared-utils': 3.6.4
      '@d-fischer/typed-event-emitter': 3.3.3
      '@twurple/api': 7.3.0(@twurple/auth@7.3.0)
      '@twurple/auth': 7.3.0
      '@twurple/common': 7.3.0
      '@twurple/eventsub-base': 7.3.0
      tslib: 2.8.1
    transitivePeerDependencies:
      - bufferutil
      - encoding
      - utf-8-validate

  '@types/node-osc@9.1.0':
    dependencies:
      '@types/node': 22.15.2

  '@types/node@22.15.2':
    dependencies:
      undici-types: 6.21.0

  '@types/ws@8.18.1':
    dependencies:
      '@types/node': 22.15.2

  async@3.2.6: {}

  asynckit@0.4.0: {}

  axios@1.9.0:
    dependencies:
      follow-redirects: 1.15.9
      form-data: 4.0.2
      proxy-from-env: 1.1.0
    transitivePeerDependencies:
      - debug

  binpack@0.1.0: {}

  bonjour-service@1.3.0:
    dependencies:
      fast-deep-equal: 3.1.3
      multicast-dns: 7.2.5

  buffer-from@1.1.2: {}

  call-bind-apply-helpers@1.0.2:
    dependencies:
      es-errors: 1.3.0
      function-bind: 1.1.2

  combined-stream@1.0.8:
    dependencies:
      delayed-stream: 1.0.0

  debug@4.4.0:
    dependencies:
      ms: 2.1.3

  delayed-stream@1.0.0: {}

  dns-packet@5.6.1:
    dependencies:
      '@leichtgewicht/ip-codec': 2.0.5

  dunder-proto@1.0.1:
    dependencies:
      call-bind-apply-helpers: 1.0.2
      es-errors: 1.3.0
      gopd: 1.2.0

  es-define-property@1.0.1: {}

  es-errors@1.3.0: {}

  es-object-atoms@1.1.1:
    dependencies:
      es-errors: 1.3.0

  es-set-tostringtag@2.1.0:
    dependencies:
      es-errors: 1.3.0
      get-intrinsic: 1.3.0
      has-tostringtag: 1.0.2
      hasown: 2.0.2

  fast-deep-equal@3.1.3: {}

  follow-redirects@1.15.9: {}

  form-data@4.0.2:
    dependencies:
      asynckit: 0.4.0
      combined-stream: 1.0.8
      es-set-tostringtag: 2.1.0
      mime-types: 2.1.35

  function-bind@1.1.2: {}

  get-intrinsic@1.3.0:
    dependencies:
      call-bind-apply-helpers: 1.0.2
      es-define-property: 1.0.1
      es-errors: 1.3.0
      es-object-atoms: 1.1.1
      function-bind: 1.1.2
      get-proto: 1.0.1
      gopd: 1.2.0
      has-symbols: 1.1.0
      hasown: 2.0.2
      math-intrinsics: 1.1.0

  get-proto@1.0.1:
    dependencies:
      dunder-proto: 1.0.1
      es-object-atoms: 1.1.1

  gopd@1.2.0: {}

  has-symbols@1.1.0: {}

  has-tostringtag@1.0.2:
    dependencies:
      has-symbols: 1.1.0

  hasown@2.0.2:
    dependencies:
      function-bind: 1.1.2

  klona@2.0.6: {}

  math-intrinsics@1.1.0: {}

  mime-db@1.52.0: {}

  mime-types@2.1.35:
    dependencies:
      mime-db: 1.52.0

  ms@2.1.3: {}

  multicast-dns@7.2.5:
    dependencies:
      dns-packet: 5.6.1
      thunky: 1.1.0

  node-fetch@2.7.0:
    dependencies:
      whatwg-url: 5.0.0

  node-osc@9.1.4:
    dependencies:
      osc-min: 1.1.2

  osc-min@1.1.2:
    dependencies:
      binpack: 0.1.0

  oscquery@1.1.0:
    dependencies:
      '@homebridge/ciao': 1.3.1
      axios: 1.9.0
      bonjour-service: 1.3.0
      portfinder: 1.0.36
    transitivePeerDependencies:
      - debug
      - supports-color

  portfinder@1.0.36:
    dependencies:
      async: 3.2.6
      debug: 4.4.0
    transitivePeerDependencies:
      - supports-color

  proxy-from-env@1.1.0: {}

  retry@0.13.1: {}

  source-map-support@0.5.21:
    dependencies:
      buffer-from: 1.1.2
      source-map: 0.6.1

  source-map@0.6.1: {}

  thunky@1.1.0: {}

  tr46@0.0.3: {}

  tslib@2.8.1: {}

  undici-types@6.21.0: {}

  webidl-conversions@3.0.1: {}

  whatwg-url@5.0.0:
    dependencies:
      tr46: 0.0.3
      webidl-conversions: 3.0.1

  ws@8.18.1: {}
